// !$*UTF8*$!
{
	archiveVersion = 1;
	classes = {
	};
	objectVersion = 77;
	objects = {

/* Begin PBXBuildFile section */
		F73A00092FF9000000000009 /* ShelfSenseWidgetExtension.appex in Embed Foundation Extensions */ = {isa = PBXBuildFile; fileRef = F73A00012FF9000000000001 /* ShelfSenseWidgetExtension.appex */; settings = {ATTRIBUTES = (RemoveHeadersOnCopy, ); }; };
/* End PBXBuildFile section */

/* Begin PBXContainerItemProxy section */
		F72DFB812FF78A3A0030D0A3 /* PBXContainerItemProxy */ = {
			isa = PBXContainerItemProxy;
			containerPortal = F72DFB6B2FF78A390030D0A3 /* Project object */;
			proxyType = 1;
			remoteGlobalIDString = F72DFB722FF78A390030D0A3;
			remoteInfo = ShelfSense;
		};
		F72DFB8B2FF78A3A0030D0A3 /* PBXContainerItemProxy */ = {
			isa = PBXContainerItemProxy;
			containerPortal = F72DFB6B2FF78A390030D0A3 /* Project object */;
			proxyType = 1;
			remoteGlobalIDString = F72DFB722FF78A390030D0A3;
			remoteInfo = ShelfSense;
		};
		F73A000A2FF900000000000A /* PBXContainerItemProxy */ = {
			isa = PBXContainerItemProxy;
			containerPortal = F72DFB6B2FF78A390030D0A3 /* Project object */;
			proxyType = 1;
			remoteGlobalIDString = F73A00022FF9000000000002;
			remoteInfo = ShelfSenseWidgetExtension;
		};
/* End PBXContainerItemProxy section */

/* Begin PBXCopyFilesBuildPhase section */
		F73A00082FF9000000000008 /* Embed Foundation Extensions */ = {
			isa = PBXCopyFilesBuildPhase;
			buildActionMask = 2147483647;
			dstPath = "";
			dstSubfolderSpec = 13;
			files = (
				F73A00092FF9000000000009 /* ShelfSenseWidgetExtension.appex in Embed Foundation Extensions */,
			);
			name = "Embed Foundation Extensions";
			runOnlyForDeploymentPostprocessing = 0;
		};
/* End PBXCopyFilesBuildPhase section */

/* Begin PBXFileReference section */
		F72DFB732FF78A390030D0A3 /* ShelfSense.app */ = {isa = PBXFileReference; explicitFileType = wrapper.application; includeInIndex = 0; path = ShelfSense.app; sourceTree = BUILT_PRODUCTS_DIR; };
		F72DFB802FF78A3A0030D0A3 /* ShelfSenseTests.xctest */ = {isa = PBXFileReference; explicitFileType = wrapper.cfbundle; includeInIndex = 0; path = ShelfSenseTests.xctest; sourceTree = BUILT_PRODUCTS_DIR; };
		F72DFB8A2FF78A3A0030D0A3 /* ShelfSenseUITests.xctest */ = {isa = PBXFileReference; explicitFileType = wrapper.cfbundle; includeInIndex = 0; path = ShelfSenseUITests.xctest; sourceTree = BUILT_PRODUCTS_DIR; };
		F73A00012FF9000000000001 /* ShelfSenseWidgetExtension.appex */ = {isa = PBXFileReference; explicitFileType = "wrapper.app-extension"; includeInIndex = 0; path = ShelfSenseWidgetExtension.appex; sourceTree = BUILT_PRODUCTS_DIR; };
/* End PBXFileReference section */

/* Begin PBXFileSystemSynchronizedRootGroup section */
		F72DFB752FF78A390030D0A3 /* ShelfSense */ = {
			isa = PBXFileSystemSynchronizedRootGroup;
			path = ShelfSense;
			sourceTree = "<group>";
		};
		F72DFB832FF78A3A0030D0A3 /* ShelfSenseTests */ = {
			isa = PBXFileSystemSynchronizedRootGroup;
			path = ShelfSenseTests;
			sourceTree = "<group>";
		};
		F72DFB8D2FF78A3A0030D0A3 /* ShelfSenseUITests */ = {
			isa = PBXFileSystemSynchronizedRootGroup;
			path = ShelfSenseUITests;
			sourceTree = "<group>";
		};
		F73A00032FF9000000000003 /* ShelfSenseWidget */ = {
			isa = PBXFileSystemSynchronizedRootGroup;
			path = ShelfSenseWidget;
			sourceTree = "<group>";
		};
		F73A00042FF9000000000004 /* Shared */ = {
			isa = PBXFileSystemSynchronizedRootGroup;
			path = Shared;
			sourceTree = "<group>";
		};
/* End PBXFileSystemSynchronizedRootGroup section */

/* Begin PBXFrameworksBuildPhase section */
		F72DFB702FF78A390030D0A3 /* Frameworks */ = {
			isa = PBXFrameworksBuildPhase;
			buildActionMask = 2147483647;
			files = (
			);
			runOnlyForDeploymentPostprocessing = 0;
		};
		F72DFB7D2FF78A3A0030D0A3 /* Frameworks */ = {
			isa = PBXFrameworksBuildPhase;
			buildActionMask = 2147483647;
			files = (
			);
			runOnlyForDeploymentPostprocessing = 0;
		};
		F72DFB872FF78A3A0030D0A3 /* Frameworks */ = {
			isa = PBXFrameworksBuildPhase;
			buildActionMask = 2147483647;
			files = (
			);
			runOnlyForDeploymentPostprocessing = 0;
		};
		F73A00062FF9000000000006 /* Frameworks */ = {
			isa = PBXFrameworksBuildPhase;
			buildActionMask = 2147483647;
			files = (
			);
			runOnlyForDeploymentPostprocessing = 0;
		};
/* End PBXFrameworksBuildPhase section */

/* Begin PBXGroup section */
		F72DFB6A2FF78A390030D0A3 = {
			isa = PBXGroup;
			children = (
				F72DFB752FF78A390030D0A3 /* ShelfSense */,
				F73A00032FF9000000000003 /* ShelfSenseWidget */,
				F73A00042FF9000000000004 /* Shared */,
				F72DFB832FF78A3A0030D0A3 /* ShelfSenseTests */,
				F72DFB8D2FF78A3A0030D0A3 /* ShelfSenseUITests */,
				F72DFB742FF78A390030D0A3 /* Products */,
			);
			sourceTree = "<group>";
		};
		F72DFB742FF78A390030D0A3 /* Products */ = {
			isa = PBXGroup;
			children = (
				F72DFB732FF78A390030D0A3 /* ShelfSense.app */,
				F73A00012FF9000000000001 /* ShelfSenseWidgetExtension.appex */,
				F72DFB802FF78A3A0030D0A3 /* ShelfSenseTests.xctest */,
				F72DFB8A2FF78A3A0030D0A3 /* ShelfSenseUITests.xctest */,
			);
			name = Products;
			sourceTree = "<group>";
		};
/* End PBXGroup section */

/* Begin PBXNativeTarget section */
		F72DFB722FF78A390030D0A3 /* ShelfSense */ = {
			isa = PBXNativeTarget;
			buildConfigurationList = F72DFB942FF78A3A0030D0A3 /* Build configuration list for PBXNativeTarget "ShelfSense" */;
			buildPhases = (
				F72DFB6F2FF78A390030D0A3 /* Sources */,
				F72DFB702FF78A390030D0A3 /* Frameworks */,
				F72DFB712FF78A390030D0A3 /* Resources */,
				F73A00082FF9000000000008 /* Embed Foundation Extensions */,
			);
			buildRules = (
			);
			dependencies = (
				F73A000B2FF900000000000B /* PBXTargetDependency */,
			);
			fileSystemSynchronizedGroups = (
				F72DFB752FF78A390030D0A3 /* ShelfSense */,
				F73A00042FF9000000000004 /* Shared */,
			);
			name = ShelfSense;
			packageProductDependencies = (
			);
			productName = ShelfSense;
			productReference = F72DFB732FF78A390030D0A3 /* ShelfSense.app */;
			productType = "com.apple.product-type.application";
		};
		F72DFB7F2FF78A3A0030D0A3 /* ShelfSenseTests */ = {
			isa = PBXNativeTarget;
			buildConfigurationList = F72DFB972FF78A3A0030D0A3 /* Build configuration list for PBXNativeTarget "ShelfSenseTests" */;
			buildPhases = (
				F72DFB7C2FF78A3A0030D0A3 /* Sources */,
				F72DFB7D2FF78A3A0030D0A3 /* Frameworks */,
				F72DFB7E2FF78A3A0030D0A3 /* Resources */,
			);
			buildRules = (
			);
			dependencies = (
				F72DFB822FF78A3A0030D0A3 /* PBXTargetDependency */,
			);
			fileSystemSynchronizedGroups = (
				F72DFB832FF78A3A0030D0A3 /* ShelfSenseTests */,
			);
			name = ShelfSenseTests;
			packageProductDependencies = (
			);
			productName = ShelfSenseTests;
			productReference = F72DFB802FF78A3A0030D0A3 /* ShelfSenseTests.xctest */;
			productType = "com.apple.product-type.bundle.unit-test";
		};
		F72DFB892FF78A3A0030D0A3 /* ShelfSenseUITests */ = {
			isa = PBXNativeTarget;
			buildConfigurationList = F72DFB9A2FF78A3A0030D0A3 /* Build configuration list for PBXNativeTarget "ShelfSenseUITests" */;
			buildPhases = (
				F72DFB862FF78A3A0030D0A3 /* Sources */,
				F72DFB872FF78A3A0030D0A3 /* Frameworks */,
				F72DFB882FF78A3A0030D0A3 /* Resources */,
			);
			buildRules = (
			);
			dependencies = (
				F72DFB8C2FF78A3A0030D0A3 /* PBXTargetDependency */,
			);
			fileSystemSynchronizedGroups = (
				F72DFB8D2FF78A3A0030D0A3 /* ShelfSenseUITests */,
			);
			name = ShelfSenseUITests;
			packageProductDependencies = (
			);
			productName = ShelfSenseUITests;
			productReference = F72DFB8A2FF78A3A0030D0A3 /* ShelfSenseUITests.xctest */;
			productType = "com.apple.product-type.bundle.ui-testing";
		};
		F73A00022FF9000000000002 /* ShelfSenseWidgetExtension */ = {
			isa = PBXNativeTarget;
			buildConfigurationList = F73A000C2FF900000000000C /* Build configuration list for PBXNativeTarget "ShelfSenseWidgetExtension" */;
			buildPhases = (
				F73A00052FF9000000000005 /* Sources */,
				F73A00062FF9000000000006 /* Frameworks */,
				F73A00072FF9000000000007 /* Resources */,
			);
			buildRules = (
			);
			dependencies = (
			);
			fileSystemSynchronizedGroups = (
				F73A00032FF9000000000003 /* ShelfSenseWidget */,
				F73A00042FF9000000000004 /* Shared */,
			);
			name = ShelfSenseWidgetExtension;
			packageProductDependencies = (
			);
			productName = ShelfSenseWidgetExtension;
			productReference = F73A00012FF9000000000001 /* ShelfSenseWidgetExtension.appex */;
			productType = "com.apple.product-type.app-extension";
		};
/* End PBXNativeTarget section */

/* Begin PBXProject section */
		F72DFB6B2FF78A390030D0A3 /* Project object */ = {
			isa = PBXProject;
			attributes = {
				BuildIndependentTargetsInParallel = 1;
				LastSwiftUpdateCheck = 2660;
				LastUpgradeCheck = 2660;
				TargetAttributes = {
					F72DFB722FF78A390030D0A3 = {
						CreatedOnToolsVersion = 26.3;
					};
					F72DFB7F2FF78A3A0030D0A3 = {
						CreatedOnToolsVersion = 26.3;
						TestTargetID = F72DFB722FF78A390030D0A3;
					};
					F72DFB892FF78A3A0030D0A3 = {
						CreatedOnToolsVersion = 26.3;
						TestTargetID = F72DFB722FF78A390030D0A3;
					};
					F73A00022FF9000000000002 = {
						CreatedOnToolsVersion = 26.3;
					};
				};
			};
			buildConfigurationList = F72DFB6E2FF78A390030D0A3 /* Build configuration list for PBXProject "ShelfSense" */;
			developmentRegion = en;
			hasScannedForEncodings = 0;
			knownRegions = (
				en,
				Base,
			);
			mainGroup = F72DFB6A2FF78A390030D0A3;
			minimizedProjectReferenceProxies = 1;
			preferredProjectObjectVersion = 77;
			productRefGroup = F72DFB742FF78A390030D0A3 /* Products */;
			projectDirPath = "";
			projectRoot = "";
			targets = (
				F72DFB722FF78A390030D0A3 /* ShelfSense */,
				F73A00022FF9000000000002 /* ShelfSenseWidgetExtension */,
				F72DFB7F2FF78A3A0030D0A3 /* ShelfSenseTests */,
				F72DFB892FF78A3A0030D0A3 /* ShelfSenseUITests */,
			);
		};
/* End PBXProject section */

/* Begin PBXResourcesBuildPhase section */
		F72DFB712FF78A390030D0A3 /* Resources */ = {
			isa = PBXResourcesBuildPhase;
			buildActionMask = 2147483647;
			files = (
			);
			runOnlyForDeploymentPostprocessing = 0;
		};
		F72DFB7E2FF78A3A0030D0A3 /* Resources */ = {
			isa = PBXResourcesBuildPhase;
			buildActionMask = 2147483647;
			files = (
			);
			runOnlyForDeploymentPostprocessing = 0;
		};
		F72DFB882FF78A3A0030D0A3 /* Resources */ = {
			isa = PBXResourcesBuildPhase;
			buildActionMask = 2147483647;
			files = (
			);
			runOnlyForDeploymentPostprocessing = 0;
		};
		F73A00072FF9000000000007 /* Resources */ = {
			isa = PBXResourcesBuildPhase;
			buildActionMask = 2147483647;
			files = (
			);
			runOnlyForDeploymentPostprocessing = 0;
		};
/* End PBXResourcesBuildPhase section */

/* Begin PBXSourcesBuildPhase section */
		F72DFB6F2FF78A390030D0A3 /* Sources */ = {
			isa = PBXSourcesBuildPhase;
			buildActionMask = 2147483647;
			files = (
			);
			runOnlyForDeploymentPostprocessing = 0;
		};
		F72DFB7C2FF78A3A0030D0A3 /* Sources */ = {
			isa = PBXSourcesBuildPhase;
			buildActionMask = 2147483647;
			files = (
			);
			runOnlyForDeploymentPostprocessing = 0;
		};
		F72DFB862FF78A3A0030D0A3 /* Sources */ = {
			isa = PBXSourcesBuildPhase;
			buildActionMask = 2147483647;
			files = (
			);
			runOnlyForDeploymentPostprocessing = 0;
		};
		F73A00052FF9000000000005 /* Sources */ = {
			isa = PBXSourcesBuildPhase;
			buildActionMask = 2147483647;
			files = (
			);
			runOnlyForDeploymentPostprocessing = 0;
		};
/* End PBXSourcesBuildPhase section */

/* Begin PBXTargetDependency section */
		F72DFB822FF78A3A0030D0A3 /* PBXTargetDependency */ = {
			isa = PBXTargetDependency;
			target = F72DFB722FF78A390030D0A3 /* ShelfSense */;
			targetProxy = F72DFB812FF78A3A0030D0A3 /* PBXContainerItemProxy */;
		};
		F72DFB8C2FF78A3A0030D0A3 /* PBXTargetDependency */ = {
			isa = PBXTargetDependency;
			target = F72DFB722FF78A390030D0A3 /* ShelfSense */;
			targetProxy = F72DFB8B2FF78A3A0030D0A3 /* PBXContainerItemProxy */;
		};
		F73A000B2FF900000000000B /* PBXTargetDependency */ = {
			isa = PBXTargetDependency;
			target = F73A00022FF9000000000002 /* ShelfSenseWidgetExtension */;
			targetProxy = F73A000A2FF900000000000A /* PBXContainerItemProxy */;
		};
/* End PBXTargetDependency section */

/* Begin XCBuildConfiguration section */
		F72DFB922FF78A3A0030D0A3 /* Debug */ = {
			isa = XCBuildConfiguration;
			buildSettings = {
				ALWAYS_SEARCH_USER_PATHS = NO;
				ASSETCATALOG_COMPILER_GENERATE_SWIFT_ASSET_SYMBOL_EXTENSIONS = YES;
				CLANG_ANALYZER_NONNULL = YES;
				CLANG_ANALYZER_NUMBER_OBJECT_CONVERSION = YES_AGGRESSIVE;
				CLANG_CXX_LANGUAGE_STANDARD = "gnu++20";
				CLANG_ENABLE_MODULES = YES;
				CLANG_ENABLE_OBJC_ARC = YES;
				CLANG_ENABLE_OBJC_WEAK = YES;
				CLANG_WARN_BLOCK_CAPTURE_AUTORELEASING = YES;
				CLANG_WARN_BOOL_CONVERSION = YES;
				CLANG_WARN_COMMA = YES;
				CLANG_WARN_CONSTANT_CONVERSION = YES;
				CLANG_WARN_DEPRECATED_OBJC_IMPLEMENTATIONS = YES;
				CLANG_WARN_DIRECT_OBJC_ISA_USAGE = YES_ERROR;
				CLANG_WARN_DOCUMENTATION_COMMENTS = YES;
				CLANG_WARN_EMPTY_BODY = YES;
				CLANG_WARN_ENUM_CONVERSION = YES;
				CLANG_WARN_INFINITE_RECURSION = YES;
				CLANG_WARN_INT_CONVERSION = YES;
				CLANG_WARN_NON_LITERAL_NULL_CONVERSION = YES;
				CLANG_WARN_OBJC_IMPLICIT_RETAIN_SELF = YES;
				CLANG_WARN_OBJC_LITERAL_CONVERSION = YES;
				CLANG_WARN_OBJC_ROOT_CLASS = YES_ERROR;
				CLANG_WARN_QUOTED_INCLUDE_IN_FRAMEWORK_HEADER = YES;
				CLANG_WARN_RANGE_LOOP_ANALYSIS = YES;
				CLANG_WARN_STRICT_PROTOTYPES = YES;
				CLANG_WARN_SUSPICIOUS_MOVE = YES;
				CLANG_WARN_UNGUARDED_AVAILABILITY = YES_AGGRESSIVE;
				CLANG_WARN_UNREACHABLE_CODE = YES;
				CLANG_WARN__DUPLICATE_METHOD_MATCH = YES;
				COPY_PHASE_STRIP = NO;
				DEBUG_INFORMATION_FORMAT = dwarf;
				DEVELOPMENT_TEAM = DHA828G7P3;
				ENABLE_STRICT_OBJC_MSGSEND = YES;
				ENABLE_TESTABILITY = YES;
				ENABLE_USER_SCRIPT_SANDBOXING = YES;
				GCC_C_LANGUAGE_STANDARD = gnu17;
				GCC_DYNAMIC_NO_PIC = NO;
				GCC_NO_COMMON_BLOCKS = YES;
				GCC_OPTIMIZATION_LEVEL = 0;
				GCC_PREPROCESSOR_DEFINITIONS = (
					"DEBUG=1",
					"$(inherited)",
				);
				GCC_WARN_64_TO_32_BIT_CONVERSION = YES;
				GCC_WARN_ABOUT_RETURN_TYPE = YES_ERROR;
				GCC_WARN_UNDECLARED_SELECTOR = YES;
				GCC_WARN_UNINITIALIZED_AUTOS = YES_AGGRESSIVE;
				GCC_WARN_UNUSED_FUNCTION = YES;
				GCC_WARN_UNUSED_VARIABLE = YES;
				LOCALIZATION_PREFERS_STRING_CATALOGS = YES;
				MTL_ENABLE_DEBUG_INFO = INCLUDE_SOURCE;
				MTL_FAST_MATH = YES;
				ONLY_ACTIVE_ARCH = YES;
				SWIFT_ACTIVE_COMPILATION_CONDITIONS = "DEBUG $(inherited)";
				SWIFT_OPTIMIZATION_LEVEL = "-Onone";
			};
			name = Debug;
		};
		F72DFB932FF78A3A0030D0A3 /* Release */ = {
			isa = XCBuildConfiguration;
			buildSettings = {
				ALWAYS_SEARCH_USER_PATHS = NO;
				ASSETCATALOG_COMPILER_GENERATE_SWIFT_ASSET_SYMBOL_EXTENSIONS = YES;
				CLANG_ANALYZER_NONNULL = YES;
				CLANG_ANALYZER_NUMBER_OBJECT_CONVERSION = YES_AGGRESSIVE;
				CLANG_CXX_LANGUAGE_STANDARD = "gnu++20";
				CLANG_ENABLE_MODULES = YES;
				CLANG_ENABLE_OBJC_ARC = YES;
				CLANG_ENABLE_OBJC_WEAK = YES;
				CLANG_WARN_BLOCK_CAPTURE_AUTORELEASING = YES;
				CLANG_WARN_BOOL_CONVERSION = YES;
				CLANG_WARN_COMMA = YES;
				CLANG_WARN_CONSTANT_CONVERSION = YES;
				CLANG_WARN_DEPRECATED_OBJC_IMPLEMENTATIONS = YES;
				CLANG_WARN_DIRECT_OBJC_ISA_USAGE = YES_ERROR;
				CLANG_WARN_DOCUMENTATION_COMMENTS = YES;
				CLANG_WARN_EMPTY_BODY = YES;
				CLANG_WARN_ENUM_CONVERSION = YES;
				CLANG_WARN_INFINITE_RECURSION = YES;
				CLANG_WARN_INT_CONVERSION = YES;
				CLANG_WARN_NON_LITERAL_NULL_CONVERSION = YES;
				CLANG_WARN_OBJC_IMPLICIT_RETAIN_SELF = YES;
				CLANG_WARN_OBJC_LITERAL_CONVERSION = YES;
				CLANG_WARN_OBJC_ROOT_CLASS = YES_ERROR;
				CLANG_WARN_QUOTED_INCLUDE_IN_FRAMEWORK_HEADER = YES;
				CLANG_WARN_RANGE_LOOP_ANALYSIS = YES;
				CLANG_WARN_STRICT_PROTOTYPES = YES;
				CLANG_WARN_SUSPICIOUS_MOVE = YES;
				CLANG_WARN_UNGUARDED_AVAILABILITY = YES_AGGRESSIVE;
				CLANG_WARN_UNREACHABLE_CODE = YES;
				CLANG_WARN__DUPLICATE_METHOD_MATCH = YES;
				COPY_PHASE_STRIP = NO;
				DEBUG_INFORMATION_FORMAT = "dwarf-with-dsym";
				DEVELOPMENT_TEAM = DHA828G7P3;
				ENABLE_NS_ASSERTIONS = NO;
				ENABLE_STRICT_OBJC_MSGSEND = YES;
				ENABLE_USER_SCRIPT_SANDBOXING = YES;
				GCC_C_LANGUAGE_STANDARD = gnu17;
				GCC_NO_COMMON_BLOCKS = YES;
				GCC_WARN_64_TO_32_BIT_CONVERSION = YES;
				GCC_WARN_ABOUT_RETURN_TYPE = YES_ERROR;
				GCC_WARN_UNDECLARED_SELECTOR = YES;
				GCC_WARN_UNINITIALIZED_AUTOS = YES_AGGRESSIVE;
				GCC_WARN_UNUSED_FUNCTION = YES;
				GCC_WARN_UNUSED_VARIABLE = YES;
				LOCALIZATION_PREFERS_STRING_CATALOGS = YES;
				MTL_ENABLE_DEBUG_INFO = NO;
				MTL_FAST_MATH = YES;
				SWIFT_COMPILATION_MODE = wholemodule;
			};
			name = Release;
		};
		F72DFB952FF78A3A0030D0A3 /* Debug */ = {
			isa = XCBuildConfiguration;
			buildSettings = {
				ASSETCATALOG_COMPILER_APPICON_NAME = AppIcon;
				ASSETCATALOG_COMPILER_GLOBAL_ACCENT_COLOR_NAME = AccentColor;
				CODE_SIGN_ENTITLEMENTS = ShelfSense/ShelfSense.entitlements;
				CODE_SIGN_STYLE = Automatic;
				CURRENT_PROJECT_VERSION = 1;
				DEVELOPMENT_TEAM = DHA828G7P3;
				ENABLE_PREVIEWS = YES;
				GENERATE_INFOPLIST_FILE = YES;
				INFOPLIST_KEY_BGTaskSchedulerPermittedIdentifiers = Fermoselle.ShelfSense.dealrefresh;
				INFOPLIST_KEY_CFBundleDisplayName = StorePing;
				INFOPLIST_KEY_NSCameraUsageDescription = "StorePing uses the camera to scan barcodes and receipts for automatic inventory updates.";
				INFOPLIST_KEY_NSLocationAlwaysAndWhenInUseUsageDescription = "StorePing uses geofencing to send smart shopping alerts when you approach stores carrying items you need.";
				INFOPLIST_KEY_NSLocationAlwaysUsageDescription = "StorePing needs Always access to monitor store geofences and alert you about deals when you're nearby, even when the app is closed.";
				INFOPLIST_KEY_NSLocationWhenInUseUsageDescription = "StorePing uses your location to alert you about deals and needed items when you're near favorite stores.";
				INFOPLIST_KEY_NSMicrophoneUsageDescription = "StorePing uses the microphone for voice commands to add items to your shopping list.";
				INFOPLIST_KEY_NSSiriUsageDescription = "StorePing uses Siri to add items to your list, plan meals, and check your pantry by voice.";
				INFOPLIST_KEY_NSSpeechRecognitionUsageDescription = "StorePing converts your speech to shopping list items.";
				"INFOPLIST_KEY_UIApplicationSceneManifest_Generation[sdk=iphoneos*]" = YES;
				"INFOPLIST_KEY_UIApplicationSceneManifest_Generation[sdk=iphonesimulator*]" = YES;
				"INFOPLIST_KEY_UIApplicationSupportsIndirectInputEvents[sdk=iphoneos*]" = YES;
				"INFOPLIST_KEY_UIApplicationSupportsIndirectInputEvents[sdk=iphonesimulator*]" = YES;
				INFOPLIST_KEY_UIBackgroundModes = "location fetch";
				INFOPLIST_KEY_UILaunchScreen_BackgroundColor = BackgroundPrimary;
				"INFOPLIST_KEY_UILaunchScreen_Generation[sdk=iphoneos*]" = YES;
				"INFOPLIST_KEY_UILaunchScreen_Generation[sdk=iphonesimulator*]" = YES;
				"INFOPLIST_KEY_UIStatusBarStyle[sdk=iphoneos*]" = UIStatusBarStyleDefault;
				"INFOPLIST_KEY_UIStatusBarStyle[sdk=iphonesimulator*]" = UIStatusBarStyleDefault;
				INFOPLIST_KEY_UISupportedInterfaceOrientations_iPad = "UIInterfaceOrientationPortrait UIInterfaceOrientationPortraitUpsideDown UIInterfaceOrientationLandscapeLeft UIInterfaceOrientationLandscapeRight";
				INFOPLIST_KEY_UISupportedInterfaceOrientations_iPhone = "UIInterfaceOrientationPortrait UIInterfaceOrientationLandscapeLeft UIInterfaceOrientationLandscapeRight";
				IPHONEOS_DEPLOYMENT_TARGET = 26.5;
				LD_RUNPATH_SEARCH_PATHS = "@executable_path/Frameworks";
				MARKETING_VERSION = 1.0;
				PRODUCT_BUNDLE_IDENTIFIER = Fermoselle.ShelfSense;
				PRODUCT_NAME = "$(TARGET_NAME)";
				REGISTER_APP_GROUPS = YES;
				SDKROOT = iphoneos;
				STRING_CATALOG_GENERATE_SYMBOLS = YES;
				SUPPORTED_PLATFORMS = "iphoneos iphonesimulator";
				SWIFT_APPROACHABLE_CONCURRENCY = YES;
				SWIFT_DEFAULT_ACTOR_ISOLATION = MainActor;
				SWIFT_EMIT_LOC_STRINGS = YES;
				SWIFT_UPCOMING_FEATURE_MEMBER_IMPORT_VISIBILITY = NO;
				SWIFT_VERSION = 5.0;
				TARGETED_DEVICE_FAMILY = "1,2";
			};
			name = Debug;
		};
		F72DFB962FF78A3A0030D0A3 /* Release */ = {
			isa = XCBuildConfiguration;
			buildSettings = {
				ASSETCATALOG_COMPILER_APPICON_NAME = AppIcon;
				ASSETCATALOG_COMPILER_GLOBAL_ACCENT_COLOR_NAME = AccentColor;
				CODE_SIGN_ENTITLEMENTS = ShelfSense/ShelfSense.entitlements;
				CODE_SIGN_STYLE = Automatic;
				CURRENT_PROJECT_VERSION = 1;
				DEVELOPMENT_TEAM = DHA828G7P3;
				ENABLE_PREVIEWS = YES;
				GENERATE_INFOPLIST_FILE = YES;
				INFOPLIST_KEY_BGTaskSchedulerPermittedIdentifiers = Fermoselle.ShelfSense.dealrefresh;
				INFOPLIST_KEY_CFBundleDisplayName = StorePing;
				INFOPLIST_KEY_NSCameraUsageDescription = "StorePing uses the camera to scan barcodes and receipts for automatic inventory updates.";
				INFOPLIST_KEY_NSLocationAlwaysAndWhenInUseUsageDescription = "StorePing uses geofencing to send smart shopping alerts when you approach stores carrying items you need.";
				INFOPLIST_KEY_NSLocationAlwaysUsageDescription = "StorePing needs Always access to monitor store geofences and alert you about deals when you're nearby, even when the app is closed.";
				INFOPLIST_KEY_NSLocationWhenInUseUsageDescription = "StorePing uses your location to alert you about deals and needed items when you're near favorite stores.";
				INFOPLIST_KEY_NSMicrophoneUsageDescription = "StorePing uses the microphone for voice commands to add items to your shopping list.";
				INFOPLIST_KEY_NSSiriUsageDescription = "StorePing uses Siri to add items to your list, plan meals, and check your pantry by voice.";
				INFOPLIST_KEY_NSSpeechRecognitionUsageDescription = "StorePing converts your speech to shopping list items.";
				"INFOPLIST_KEY_UIApplicationSceneManifest_Generation[sdk=iphoneos*]" = YES;
				"INFOPLIST_KEY_UIApplicationSceneManifest_Generation[sdk=iphonesimulator*]" = YES;
				"INFOPLIST_KEY_UIApplicationSupportsIndirectInputEvents[sdk=iphoneos*]" = YES;
				"INFOPLIST_KEY_UIApplicationSupportsIndirectInputEvents[sdk=iphonesimulator*]" = YES;
				INFOPLIST_KEY_UIBackgroundModes = "location fetch";
				INFOPLIST_KEY_UILaunchScreen_BackgroundColor = BackgroundPrimary;
				"INFOPLIST_KEY_UILaunchScreen_Generation[sdk=iphoneos*]" = YES;
				"INFOPLIST_KEY_UILaunchScreen_Generation[sdk=iphonesimulator*]" = YES;
				"INFOPLIST_KEY_UIStatusBarStyle[sdk=iphoneos*]" = UIStatusBarStyleDefault;
				"INFOPLIST_KEY_UIStatusBarStyle[sdk=iphonesimulator*]" = UIStatusBarStyleDefault;
				INFOPLIST_KEY_UISupportedInterfaceOrientations_iPad = "UIInterfaceOrientationPortrait UIInterfaceOrientationPortraitUpsideDown UIInterfaceOrientationLandscapeLeft UIInterfaceOrientationLandscapeRight";
				INFOPLIST_KEY_UISupportedInterfaceOrientations_iPhone = "UIInterfaceOrientationPortrait UIInterfaceOrientationLandscapeLeft UIInterfaceOrientationLandscapeRight";
				IPHONEOS_DEPLOYMENT_TARGET = 26.5;
				LD_RUNPATH_SEARCH_PATHS = "@executable_path/Frameworks";
				MARKETING_VERSION = 1.0;
				PRODUCT_BUNDLE_IDENTIFIER = Fermoselle.ShelfSense;
				PRODUCT_NAME = "$(TARGET_NAME)";
				REGISTER_APP_GROUPS = YES;
				SDKROOT = iphoneos;
				STRING_CATALOG_GENERATE_SYMBOLS = YES;
				SUPPORTED_PLATFORMS = "iphoneos iphonesimulator";
				SWIFT_APPROACHABLE_CONCURRENCY = YES;
				SWIFT_DEFAULT_ACTOR_ISOLATION = MainActor;
				SWIFT_EMIT_LOC_STRINGS = YES;
				SWIFT_UPCOMING_FEATURE_MEMBER_IMPORT_VISIBILITY = NO;
				SWIFT_VERSION = 5.0;
				TARGETED_DEVICE_FAMILY = "1,2";
			};
			name = Release;
		};
		F72DFB982FF78A3A0030D0A3 /* Debug */ = {
			isa = XCBuildConfiguration;
			buildSettings = {
				BUNDLE_LOADER = "$(TEST_HOST)";
				CODE_SIGN_STYLE = Automatic;
				CURRENT_PROJECT_VERSION = 1;
				DEVELOPMENT_TEAM = DHA828G7P3;
				GENERATE_INFOPLIST_FILE = YES;
				IPHONEOS_DEPLOYMENT_TARGET = 26.5;
				MACOSX_DEPLOYMENT_TARGET = 26.5;
				MARKETING_VERSION = 1.0;
				PRODUCT_BUNDLE_IDENTIFIER = Fermoselle.ShelfSenseTests;
				PRODUCT_NAME = "$(TARGET_NAME)";
				SDKROOT = auto;
				STRING_CATALOG_GENERATE_SYMBOLS = NO;
				SUPPORTED_PLATFORMS = "iphoneos iphonesimulator";
				SWIFT_APPROACHABLE_CONCURRENCY = YES;
				SWIFT_EMIT_LOC_STRINGS = NO;
				SWIFT_UPCOMING_FEATURE_MEMBER_IMPORT_VISIBILITY = NO;
				SWIFT_VERSION = 5.0;
				TARGETED_DEVICE_FAMILY = "1,2";
				TEST_HOST = "$(BUILT_PRODUCTS_DIR)/ShelfSense.app/$(BUNDLE_EXECUTABLE_FOLDER_PATH)/ShelfSense";
				XROS_DEPLOYMENT_TARGET = 26.5;
			};
			name = Debug;
		};
		F72DFB992FF78A3A0030D0A3 /* Release */ = {
			isa = XCBuildConfiguration;
			buildSettings = {
				BUNDLE_LOADER = "$(TEST_HOST)";
				CODE_SIGN_STYLE = Automatic;
				CURRENT_PROJECT_VERSION = 1;
				DEVELOPMENT_TEAM = DHA828G7P3;
				GENERATE_INFOPLIST_FILE = YES;
				IPHONEOS_DEPLOYMENT_TARGET = 26.5;
				MACOSX_DEPLOYMENT_TARGET = 26.5;
				MARKETING_VERSION = 1.0;
				PRODUCT_BUNDLE_IDENTIFIER = Fermoselle.ShelfSenseTests;
				PRODUCT_NAME = "$(TARGET_NAME)";
				SDKROOT = auto;
				STRING_CATALOG_GENERATE_SYMBOLS = NO;
				SUPPORTED_PLATFORMS = "iphoneos iphonesimulator";
				SWIFT_APPROACHABLE_CONCURRENCY = YES;
				SWIFT_EMIT_LOC_STRINGS = NO;
				SWIFT_UPCOMING_FEATURE_MEMBER_IMPORT_VISIBILITY = NO;
				SWIFT_VERSION = 5.0;
				TARGETED_DEVICE_FAMILY = "1,2";
				TEST_HOST = "$(BUILT_PRODUCTS_DIR)/ShelfSense.app/$(BUNDLE_EXECUTABLE_FOLDER_PATH)/ShelfSense";
				XROS_DEPLOYMENT_TARGET = 26.5;
			};
			name = Release;
		};
		F72DFB9B2FF78A3A0030D0A3 /* Debug */ = {
			isa = XCBuildConfiguration;
			buildSettings = {
				CODE_SIGN_STYLE = Automatic;
				CURRENT_PROJECT_VERSION = 1;
				DEVELOPMENT_TEAM = DHA828G7P3;
				GENERATE_INFOPLIST_FILE = YES;
				IPHONEOS_DEPLOYMENT_TARGET = 26.5;
				MACOSX_DEPLOYMENT_TARGET = 26.5;
				MARKETING_VERSION = 1.0;
				PRODUCT_BUNDLE_IDENTIFIER = Fermoselle.ShelfSenseUITests;
				PRODUCT_NAME = "$(TARGET_NAME)";
				SDKROOT = auto;
				STRING_CATALOG_GENERATE_SYMBOLS = NO;
				SUPPORTED_PLATFORMS = "iphoneos iphonesimulator";
				SWIFT_APPROACHABLE_CONCURRENCY = YES;
				SWIFT_EMIT_LOC_STRINGS = NO;
				SWIFT_UPCOMING_FEATURE_MEMBER_IMPORT_VISIBILITY = NO;
				SWIFT_VERSION = 5.0;
				TARGETED_DEVICE_FAMILY = "1,2";
				TEST_TARGET_NAME = ShelfSense;
				XROS_DEPLOYMENT_TARGET = 26.5;
			};
			name = Debug;
		};
		F72DFB9C2FF78A3A0030D0A3 /* Release */ = {
			isa = XCBuildConfiguration;
			buildSettings = {
				CODE_SIGN_STYLE = Automatic;
				CURRENT_PROJECT_VERSION = 1;
				DEVELOPMENT_TEAM = DHA828G7P3;
				GENERATE_INFOPLIST_FILE = YES;
				IPHONEOS_DEPLOYMENT_TARGET = 26.5;
				MACOSX_DEPLOYMENT_TARGET = 26.5;
				MARKETING_VERSION = 1.0;
				PRODUCT_BUNDLE_IDENTIFIER = Fermoselle.ShelfSenseUITests;
				PRODUCT_NAME = "$(TARGET_NAME)";
				SDKROOT = auto;
				STRING_CATALOG_GENERATE_SYMBOLS = NO;
				SUPPORTED_PLATFORMS = "iphoneos iphonesimulator";
				SWIFT_APPROACHABLE_CONCURRENCY = YES;
				SWIFT_EMIT_LOC_STRINGS = NO;
				SWIFT_UPCOMING_FEATURE_MEMBER_IMPORT_VISIBILITY = NO;
				SWIFT_VERSION = 5.0;
				TARGETED_DEVICE_FAMILY = "1,2";
				TEST_TARGET_NAME = ShelfSense;
				XROS_DEPLOYMENT_TARGET = 26.5;
			};
			name = Release;
		};
		F73A000D2FF900000000000D /* Debug */ = {
			isa = XCBuildConfiguration;
			buildSettings = {
				CODE_SIGN_ENTITLEMENTS = ShelfSenseWidget/ShelfSenseWidget.entitlements;
				CODE_SIGN_STYLE = Automatic;
				CURRENT_PROJECT_VERSION = 1;
				DEVELOPMENT_TEAM = DHA828G7P3;
				GENERATE_INFOPLIST_FILE = YES;
				INFOPLIST_FILE = "ShelfSenseWidgetExtension-Info.plist";
				INFOPLIST_KEY_CFBundleDisplayName = StorePing;
				IPHONEOS_DEPLOYMENT_TARGET = 26.5;
				LD_RUNPATH_SEARCH_PATHS = (
					"$(inherited)",
					"@executable_path/Frameworks",
					"@executable_path/../../Frameworks",
				);
				MARKETING_VERSION = 1.0;
				PRODUCT_BUNDLE_IDENTIFIER = Fermoselle.ShelfSense.ShelfSenseWidget;
				PRODUCT_NAME = "$(TARGET_NAME)";
				SDKROOT = iphoneos;
				SKIP_INSTALL = YES;
				SUPPORTED_PLATFORMS = "iphoneos iphonesimulator";
				SWIFT_EMIT_LOC_STRINGS = YES;
				SWIFT_VERSION = 5.0;
				TARGETED_DEVICE_FAMILY = "1,2";
			};
			name = Debug;
		};
		F73A000E2FF900000000000E /* Release */ = {
			isa = XCBuildConfiguration;
			buildSettings = {
				CODE_SIGN_ENTITLEMENTS = ShelfSenseWidget/ShelfSenseWidget.entitlements;
				CODE_SIGN_STYLE = Automatic;
				CURRENT_PROJECT_VERSION = 1;
				DEVELOPMENT_TEAM = DHA828G7P3;
				GENERATE_INFOPLIST_FILE = YES;
				INFOPLIST_FILE = "ShelfSenseWidgetExtension-Info.plist";
				INFOPLIST_KEY_CFBundleDisplayName = StorePing;
				IPHONEOS_DEPLOYMENT_TARGET = 26.5;
				LD_RUNPATH_SEARCH_PATHS = (
					"$(inherited)",
					"@executable_path/Frameworks",
					"@executable_path/../../Frameworks",
				);
				MARKETING_VERSION = 1.0;
				PRODUCT_BUNDLE_IDENTIFIER = Fermoselle.ShelfSense.ShelfSenseWidget;
				PRODUCT_NAME = "$(TARGET_NAME)";
				SDKROOT = iphoneos;
				SKIP_INSTALL = YES;
				SUPPORTED_PLATFORMS = "iphoneos iphonesimulator";
				SWIFT_EMIT_LOC_STRINGS = YES;
				SWIFT_VERSION = 5.0;
				TARGETED_DEVICE_FAMILY = "1,2";
			};
			name = Release;
		};
/* End XCBuildConfiguration section */

/* Begin XCConfigurationList section */
		F72DFB6E2FF78A390030D0A3 /* Build configuration list for PBXProject "ShelfSense" */ = {
			isa = XCConfigurationList;
			buildConfigurations = (
				F72DFB922FF78A3A0030D0A3 /* Debug */,
				F72DFB932FF78A3A0030D0A3 /* Release */,
			);
			defaultConfigurationIsVisible = 0;
			defaultConfigurationName = Release;
		};
		F72DFB942FF78A3A0030D0A3 /* Build configuration list for PBXNativeTarget "ShelfSense" */ = {
			isa = XCConfigurationList;
			buildConfigurations = (
				F72DFB952FF78A3A0030D0A3 /* Debug */,
				F72DFB962FF78A3A0030D0A3 /* Release */,
			);
			defaultConfigurationIsVisible = 0;
			defaultConfigurationName = Release;
		};
		F72DFB972FF78A3A0030D0A3 /* Build configuration list for PBXNativeTarget "ShelfSenseTests" */ = {
			isa = XCConfigurationList;
			buildConfigurations = (
				F72DFB982FF78A3A0030D0A3 /* Debug */,
				F72DFB992FF78A3A0030D0A3 /* Release */,
			);
			defaultConfigurationIsVisible = 0;
			defaultConfigurationName = Release;
		};
		F72DFB9A2FF78A3A0030D0A3 /* Build configuration list for PBXNativeTarget "ShelfSenseUITests" */ = {
			isa = XCConfigurationList;
			buildConfigurations = (
				F72DFB9B2FF78A3A0030D0A3 /* Debug */,
				F72DFB9C2FF78A3A0030D0A3 /* Release */,
			);
			defaultConfigurationIsVisible = 0;
			defaultConfigurationName = Release;
		};
		F73A000C2FF900000000000C /* Build configuration list for PBXNativeTarget "ShelfSenseWidgetExtension" */ = {
			isa = XCConfigurationList;
			buildConfigurations = (
				F73A000D2FF900000000000D /* Debug */,
				F73A000E2FF900000000000E /* Release */,
			);
			defaultConfigurationIsVisible = 0;
			defaultConfigurationName = Release;
		};
/* End XCConfigurationList section */
	};
	rootObject = F72DFB6B2FF78A390030D0A3 /* Project object */;
}
